<?xml version="1.0" encoding="utf-8"?>
<Project ToolsVersion="4.0" xmlns:atg="http://atg.xbox.com" xmlns="http://schemas.microsoft.com/developer/msbuild/2003">
  <ItemGroup>
    <Filter Include="Resource Files">
      <UniqueIdentifier>{8e114980-c1a3-4ada-ad7c-83caadf5daeb}</UniqueIdentifier>
      <Extensions>rc;ico;cur;bmp;dlg;rc2;rct;bin;rgs;gif;jpg;jpeg;jpe</Extensions>
    </Filter>
    <Filter Include="DXUT">
      <UniqueIdentifier>{a43c5c25-0e86-4a20-b64a-883785ff74fd}</UniqueIdentifier>
    </Filter>
    <Filter Include="Shaders">
      <UniqueIdentifier>{2c3d4c8c-5d1a-459a-a05a-a4e4b608a44e}</UniqueIdentifier>
      <Extensions>fx;fxh;hlsl</Extensions>
    </Filter>
    <Filter Include="01. Header">
      <UniqueIdentifier>{49d08d79-5463-4480-b5c6-e9c1330a8852}</UniqueIdentifier>
    </Filter>
    <Filter Include="02. System">
      <UniqueIdentifier>{c5a6bb6a-8529-41cd-8391-caa0b546058b}</UniqueIdentifier>
    </Filter>
    <Filter Include="03. Resource">
      <UniqueIdentifier>{a253a285-4ca5-4bee-9e89-a12af0ef9404}</UniqueIdentifier>
    </Filter>
    <Filter Include="04. Scene">
      <UniqueIdentifier>{4309a45f-6818-47b5-a52a-b2d1dbddbae9}</UniqueIdentifier>
    </Filter>
    <Filter Include="05. Object">
      <UniqueIdentifier>{b666948a-90d9-4941-91b1-a2ef07650cce}</UniqueIdentifier>
    </Filter>
    <Filter Include="02. System\02. Camera">
      <UniqueIdentifier>{03f93aee-9b01-4930-a271-55680b247480}</UniqueIdentifier>
    </Filter>
    <Filter Include="03. Resource\01. Mgr">
      <UniqueIdentifier>{7169ec75-b2ad-4e55-a177-70148368d309}</UniqueIdentifier>
    </Filter>
    <Filter Include="04. Scene\01. Mgr">
      <UniqueIdentifier>{faee2fec-cd9a-4c96-9709-3a694b3ab226}</UniqueIdentifier>
    </Filter>
    <Filter Include="03. Resource\03. Ase">
      <UniqueIdentifier>{271995e2-c169-4f5e-83a4-750217fb4524}</UniqueIdentifier>
    </Filter>
    <Filter Include="03. Resource\03. Ase\01. AseLoader">
      <UniqueIdentifier>{146d4ea6-f0a0-4340-b612-25a6893b4215}</UniqueIdentifier>
    </Filter>
    <Filter Include="02. System\01. Mgr">
      <UniqueIdentifier>{48de2e59-e83e-4a6d-83dd-f11d554aec95}</UniqueIdentifier>
    </Filter>
    <Filter Include="03. Resource\02. Texture">
      <UniqueIdentifier>{178b3866-5a59-4bc7-9eaa-1448a7c93741}</UniqueIdentifier>
    </Filter>
    <Filter Include="05. Object\01. Mgr">
      <UniqueIdentifier>{93370ef5-9861-40cc-96ee-dca6f6f3ea29}</UniqueIdentifier>
    </Filter>
    <Filter Include="03. Resource\03. Ase\01. AseLoader\GeomNode">
      <UniqueIdentifier>{c311ae10-089b-49cf-8968-96f0a33b5ce6}</UniqueIdentifier>
    </Filter>
    <Filter Include="05. Object\02. Character">
      <UniqueIdentifier>{851c5a93-393c-4185-9ad5-840b872e9855}</UniqueIdentifier>
    </Filter>
    <Filter Include="05. Object\02. Character\01. Player">
      <UniqueIdentifier>{d9bfdd89-6a97-4f69-b85f-0a7991201642}</UniqueIdentifier>
    </Filter>
    <Filter Include="03. Resource\04. Shader">
      <UniqueIdentifier>{17726806-f509-4dba-ae90-c6bb3ff641c0}</UniqueIdentifier>
    </Filter>
    <Filter Include="03. Resource\04. Shader\01. Toon">
      <UniqueIdentifier>{bca2425a-b232-4c6e-a290-0bef82fa22e7}</UniqueIdentifier>
    </Filter>
    <Filter Include="05. Object\03. Bullet">
      <UniqueIdentifier>{fdfe6fe3-61d8-45e5-b3c7-8e8e8a2666b6}</UniqueIdentifier>
    </Filter>
    <Filter Include="05. Object\02. Character\02. Monster">
      <UniqueIdentifier>{c85f01b6-4cc0-4c0f-a9bb-94267d6662a2}</UniqueIdentifier>
    </Filter>
    <Filter Include="05. Object\02. Character\02. Monster\01. Spawn">
      <UniqueIdentifier>{ef7a92a6-5e4f-4457-bf31-4906b3421a14}</UniqueIdentifier>
    </Filter>
    <Filter Include="05. Object\03. Bullet\01. EnemyBullet">
      <UniqueIdentifier>{b5644c97-7ec2-487f-8055-d9dcffcc387e}</UniqueIdentifier>
    </Filter>
    <Filter Include="03. Resource\05. Image">
      <UniqueIdentifier>{ff3c3b09-b825-48fb-914b-d70dbb4947f2}</UniqueIdentifier>
    </Filter>
    <Filter Include="05. Object\04. Effect">
      <UniqueIdentifier>{7a413bf7-35f2-44c2-8e74-b110c77b2ffd}</UniqueIdentifier>
    </Filter>
    <Filter Include="03. Resource\04. Shader\02. Alpha">
      <UniqueIdentifier>{8b7fa7cb-cee9-4846-b0fa-22cc58a8d848}</UniqueIdentifier>
    </Filter>
    <Filter Include="05. Object\05. Timer">
      <UniqueIdentifier>{dc0a3f81-307f-4d12-a17e-0ca2729a315a}</UniqueIdentifier>
    </Filter>
    <Filter Include="05. Object\06. Smooth">
      <UniqueIdentifier>{6fc69ff4-3704-4b19-bae2-11a7bf7ee81a}</UniqueIdentifier>
    </Filter>
    <Filter Include="07. PostEffect">
      <UniqueIdentifier>{25680bc3-d7ad-458c-9bbb-bbea57b94197}</UniqueIdentifier>
    </Filter>
    <Filter Include="07. PostEffect\01. Mgr">
      <UniqueIdentifier>{9e81bc6c-f94c-4ae1-ba77-0e88922a74e2}</UniqueIdentifier>
    </Filter>
    <Filter Include="07. PostEffect\02. Blur">
      <UniqueIdentifier>{fae3f2a6-5bae-43e3-9a79-776a4f5fc0e6}</UniqueIdentifier>
    </Filter>
    <Filter Include="07. PostEffect\02. Blur\01. TexBuffer">
      <UniqueIdentifier>{0075745f-606e-4e76-a535-ed087948d7ac}</UniqueIdentifier>
    </Filter>
    <Filter Include="05. Object\07. Ground">
      <UniqueIdentifier>{75cb3ff7-3bbf-4d78-885f-5630c42fa32a}</UniqueIdentifier>
    </Filter>
    <Filter Include="05. Object\07. Ground\01. Spawn">
      <UniqueIdentifier>{eeae766a-4e6d-4341-b112-e206231e6a6c}</UniqueIdentifier>
    </Filter>
    <Filter Include="05. Object\02. Character\02. Monster\02. RedCell">
      <UniqueIdentifier>{dae0fde2-e696-42b8-9bcc-feefeb34c6ab}</UniqueIdentifier>
    </Filter>
    <Filter Include="05. Object\02. Character\02. Monster\03. WhiteCell">
      <UniqueIdentifier>{d7c53f3d-03a5-4f15-95de-ec9f9a69b29a}</UniqueIdentifier>
    </Filter>
    <Filter Include="05. Object\02. Character\01. Player\01. SubPlayer">
      <UniqueIdentifier>{2bdd3523-dbeb-4d9f-a208-65e94fae19ec}</UniqueIdentifier>
    </Filter>
    <Filter Include="05. Object\08. Item">
      <UniqueIdentifier>{63f54e5a-8345-46a2-97e0-da4347a7f5b7}</UniqueIdentifier>
    </Filter>
    <Filter Include="05. Object\02. Character\02. Monster\04. Virus">
      <UniqueIdentifier>{c60f8682-4c75-4008-9f79-635ba25b1d16}</UniqueIdentifier>
    </Filter>
    <Filter Include="05. Object\02. Character\02. Monster\05. Cancer">
      <UniqueIdentifier>{546cd2e7-2dcd-4cf9-b4e2-d899f21b66e2}</UniqueIdentifier>
    </Filter>
    <Filter Include="05. Object\02. Character\02. Monster\06. Bacteria">
      <UniqueIdentifier>{e93fd9e9-704f-4b6d-ba8e-c408c351d9ff}</UniqueIdentifier>
    </Filter>
    <Filter Include="05. Object\09. UI">
      <UniqueIdentifier>{57fda17b-8d0a-42db-8a95-959e2a56afd4}</UniqueIdentifier>
    </Filter>
    <Filter Include="05. Object\09. UI\01. BackUI">
      <UniqueIdentifier>{80de5e22-d07a-4423-8441-392448f86bd1}</UniqueIdentifier>
    </Filter>
    <Filter Include="04. Scene\02. Scene">
      <UniqueIdentifier>{93119d2c-d858-4f75-810b-119eb20068ce}</UniqueIdentifier>
    </Filter>
    <Filter Include="04. Scene\02. Scene\01. Intro">
      <UniqueIdentifier>{731f6e8c-c216-40bf-b253-1ac8474ca59f}</UniqueIdentifier>
    </Filter>
    <Filter Include="04. Scene\02. Scene\02. Home">
      <UniqueIdentifier>{7090220c-f306-49e6-b0ed-7a88d3dd2db9}</UniqueIdentifier>
    </Filter>
    <Filter Include="04. Scene\02. Scene\03. Play">
      <UniqueIdentifier>{9257fb98-337f-4348-be93-d97e967b72c2}</UniqueIdentifier>
    </Filter>
    <Filter Include="05. Object\09. UI\02. GaugeUI">
      <UniqueIdentifier>{771fdb26-aa97-4e77-bb85-39b535d1b253}</UniqueIdentifier>
    </Filter>
    <Filter Include="05. Object\09. UI\03. Fade">
      <UniqueIdentifier>{1f5427c2-d4e8-4873-9db5-57c3f43f9dca}</UniqueIdentifier>
    </Filter>
    <Filter Include="05. Object\09. UI\04. Button">
      <UniqueIdentifier>{e4a38be4-065d-4e6b-be21-aaa79224c58f}</UniqueIdentifier>
    </Filter>
  </ItemGroup>
  <ItemGroup>
    <None Include="DXUT\Optional\directx.ico">
      <Filter>Resource Files</Filter>
    </None>
    <ClInclude Include="DXUT\Core\DXUT.h">
      <Filter>DXUT</Filter>
    </ClInclude>
    <ClInclude Include="DXUT\Core\DXUTenum.h">
      <Filter>DXUT</Filter>
    </ClInclude>
    <ClInclude Include="DXUT\Core\DXUTmisc.h">
      <Filter>DXUT</Filter>
    </ClInclude>
    <ClCompile Include="DXUT\Core\DXUT.cpp">
      <Filter>DXUT</Filter>
    </ClCompile>
    <ClCompile Include="DXUT\Core\DXUTenum.cpp">
      <Filter>DXUT</Filter>
    </ClCompile>
    <ClCompile Include="DXUT\Core\DXUTmisc.cpp">
      <Filter>DXUT</Filter>
    </ClCompile>
    <ClInclude Include="DXUT\Optional\DXUTcamera.h">
      <Filter>DXUT</Filter>
    </ClInclude>
    <ClInclude Include="DXUT\Optional\DXUTgui.h">
      <Filter>DXUT</Filter>
    </ClInclude>
    <ClInclude Include="DXUT\Optional\DXUTres.h">
      <Filter>DXUT</Filter>
    </ClInclude>
    <ClInclude Include="DXUT\Optional\DXUTsettingsdlg.h">
      <Filter>DXUT</Filter>
    </ClInclude>
    <ClInclude Include="DXUT\Optional\SDKmesh.h">
      <Filter>DXUT</Filter>
    </ClInclude>
    <ClInclude Include="DXUT\Optional\SDKmisc.h">
      <Filter>DXUT</Filter>
    </ClInclude>
    <ClCompile Include="DXUT\Optional\DXUTcamera.cpp">
      <Filter>DXUT</Filter>
    </ClCompile>
    <ClCompile Include="DXUT\Optional\DXUTgui.cpp">
      <Filter>DXUT</Filter>
    </ClCompile>
    <ClCompile Include="DXUT\Optional\DXUTres.cpp">
      <Filter>DXUT</Filter>
    </ClCompile>
    <ClCompile Include="DXUT\Optional\DXUTsettingsdlg.cpp">
      <Filter>DXUT</Filter>
    </ClCompile>
    <ClCompile Include="DXUT\Optional\SDKmesh.cpp">
      <Filter>DXUT</Filter>
    </ClCompile>
    <ClCompile Include="DXUT\Optional\SDKmisc.cpp">
      <Filter>DXUT</Filter>
    </ClCompile>
    <None Include="Alpha.fx">
      <Filter>Shaders</Filter>
    </None>
  </ItemGroup>
  <ItemGroup>
    <None Include="SimpleSample.fx">
      <Filter>Shaders</Filter>
    </None>
  </ItemGroup>
  <ItemGroup>
    <CLInclude Include="resource.h">
      <Filter>Resource Files</Filter>
    </CLInclude>
    <ResourceCompile Include="SimpleSample.rc">
      <Filter>Resource Files</Filter>
    </ResourceCompile>
    <ClInclude Include="cMain.h" />
    <ClInclude Include="value.h">
      <Filter>01. Header</Filter>
    </ClInclude>
    <ClInclude Include="const.h">
      <Filter>01. Header</Filter>
    </ClInclude>
    <ClInclude Include="enum.h">
      <Filter>01. Header</Filter>
    </ClInclude>
    <ClInclude Include="macro.h">
      <Filter>01. Header</Filter>
    </ClInclude>
    <ClInclude Include="cCamera.h">
      <Filter>02. System\02. Camera</Filter>
    </ClInclude>
    <ClInclude Include="struct.h">
      <Filter>01. Header</Filter>
    </ClInclude>
    <ClInclude Include="cSystemMgr.h">
      <Filter>02. System\01. Mgr</Filter>
    </ClInclude>
    <ClInclude Include="cResourceMgr.h">
      <Filter>03. Resource\01. Mgr</Filter>
    </ClInclude>
    <ClInclude Include="cAseFile.h">
      <Filter>03. Resource\03. Ase</Filter>
    </ClInclude>
    <ClInclude Include="cAseLoader.h">
      <Filter>03. Resource\03. Ase\01. AseLoader</Filter>
    </ClInclude>
    <ClInclude Include="cSceneMgr.h">
      <Filter>04. Scene\01. Mgr</Filter>
    </ClInclude>
    <ClInclude Include="cObjMgr.h">
      <Filter>05. Object\01. Mgr</Filter>
    </ClInclude>
    <ClInclude Include="cResourceFile.h">
      <Filter>03. Resource</Filter>
    </ClInclude>
    <ClInclude Include="cTextureFile.h">
      <Filter>03. Resource\02. Texture</Filter>
    </ClInclude>
    <ClInclude Include="cGeomNode.h">
      <Filter>03. Resource\03. Ase\01. AseLoader\GeomNode</Filter>
    </ClInclude>
    <ClInclude Include="IObj.h">
      <Filter>05. Object</Filter>
    </ClInclude>
    <ClInclude Include="cCharacter.h">
      <Filter>05. Object\02. Character</Filter>
    </ClInclude>
    <ClInclude Include="cPlayer.h">
      <Filter>05. Object\02. Character\01. Player</Filter>
    </ClInclude>
    <ClInclude Include="cScene.h">
      <Filter>04. Scene\02. Scene</Filter>
    </ClInclude>
    <ClInclude Include="cIntroScene.h">
      <Filter>04. Scene\02. Scene\01. Intro</Filter>
    </ClInclude>
    <ClInclude Include="cHomeScene.h">
      <Filter>04. Scene\02. Scene\02. Home</Filter>
    </ClInclude>
    <ClInclude Include="cPlayScene.h">
      <Filter>04. Scene\02. Scene\03. Play</Filter>
    </ClInclude>
    <ClInclude Include="cBaseShader.h">
      <Filter>03. Resource\04. Shader</Filter>
    </ClInclude>
    <ClInclude Include="cToonShader.h">
      <Filter>03. Resource\04. Shader\01. Toon</Filter>
    </ClInclude>
    <ClInclude Include="cBullet.h">
      <Filter>05. Object\03. Bullet</Filter>
    </ClInclude>
    <ClInclude Include="cMonster.h">
      <Filter>05. Object\02. Character\02. Monster</Filter>
    </ClInclude>
    <ClInclude Include="cEnemyBullet.h">
      <Filter>05. Object\03. Bullet\01. EnemyBullet</Filter>
    </ClInclude>
    <ClInclude Include="cImageFile.h">
      <Filter>03. Resource\05. Image</Filter>
    </ClInclude>
    <ClInclude Include="cEffect.h">
      <Filter>05. Object\04. Effect</Filter>
    </ClInclude>
    <ClInclude Include="cAlphaShader.h">
      <Filter>03. Resource\04. Shader\02. Alpha</Filter>
    </ClInclude>
    <ClInclude Include="cTimer.h">
      <Filter>05. Object\05. Timer</Filter>
    </ClInclude>
    <ClInclude Include="cSmooth.h">
      <Filter>05. Object\06. Smooth</Filter>
    </ClInclude>
    <ClInclude Include="cBaseObject.h">
      <Filter>05. Object</Filter>
    </ClInclude>
    <ClInclude Include="cTexBuf.h">
      <Filter>07. PostEffect\02. Blur\01. TexBuffer</Filter>
    </ClInclude>
    <ClInclude Include="cPostMgr.h">
      <Filter>07. PostEffect\01. Mgr</Filter>
    </ClInclude>
    <ClInclude Include="cGround.h">
      <Filter>05. Object\07. Ground</Filter>
    </ClInclude>
    <ClInclude Include="cGroundSpawn.h">
      <Filter>05. Object\07. Ground\01. Spawn</Filter>
    </ClInclude>
    <ClInclude Include="cRedCell.h">
      <Filter>05. Object\02. Character\02. Monster\02. RedCell</Filter>
    </ClInclude>
    <ClInclude Include="cWhiteCell.h">
      <Filter>05. Object\02. Character\02. Monster\03. WhiteCell</Filter>
    </ClInclude>
    <ClInclude Include="cSubPlayer.h">
      <Filter>05. Object\02. Character\01. Player\01. SubPlayer</Filter>
    </ClInclude>
    <ClInclude Include="cItem.h">
      <Filter>05. Object\08. Item</Filter>
    </ClInclude>
    <ClInclude Include="cVirus.h">
      <Filter>05. Object\02. Character\02. Monster\04. Virus</Filter>
    </ClInclude>
    <ClInclude Include="cCancer.h">
      <Filter>05. Object\02. Character\02. Monster\05. Cancer</Filter>
    </ClInclude>
    <ClInclude Include="cBacteria.h">
      <Filter>05. Object\02. Character\02. Monster\06. Bacteria</Filter>
    </ClInclude>
    <ClInclude Include="cMonsterSpawn.h">
      <Filter>05. Object\02. Character\02. Monster\01. Spawn</Filter>
    </ClInclude>
    <ClInclude Include="cUI.h">
      <Filter>05. Object\09. UI</Filter>
    </ClInclude>
    <ClInclude Include="cBackUI.h">
      <Filter>05. Object\09. UI\01. BackUI</Filter>
    </ClInclude>
    <ClInclude Include="cGaugeUI.h">
      <Filter>05. Object\09. UI\02. GaugeUI</Filter>
    </ClInclude>
    <ClInclude Include="cFade.h">
      <Filter>05. Object\09. UI\03. Fade</Filter>
    </ClInclude>
    <ClInclude Include="cButton.h">
      <Filter>05. Object\09. UI\04. Button</Filter>
    </ClInclude>
  </ItemGroup>
  <ItemGroup>
    <ClCompile Include="Peanut.cpp" />
    <ClCompile Include="cMain.cpp" />
    <ClCompile Include="cCamera.cpp">
      <Filter>02. System\02. Camera</Filter>
    </ClCompile>
    <ClCompile Include="cSystemMgr.cpp">
      <Filter>02. System\01. Mgr</Filter>
    </ClCompile>
    <ClCompile Include="cResourceMgr.cpp">
      <Filter>03. Resource\01. Mgr</Filter>
    </ClCompile>
    <ClCompile Include="cAseFile.cpp">
      <Filter>03. Resource\03. Ase</Filter>
    </ClCompile>
    <ClCompile Include="cAseLoader.cpp">
      <Filter>03. Resource\03. Ase\01. AseLoader</Filter>
    </ClCompile>
    <ClCompile Include="cSceneMgr.cpp">
      <Filter>04. Scene\01. Mgr</Filter>
    </ClCompile>
    <ClCompile Include="cResourceFile.cpp">
      <Filter>03. Resource</Filter>
    </ClCompile>
    <ClCompile Include="cGeomNode.cpp">
      <Filter>03. Resource\03. Ase\01. AseLoader\GeomNode</Filter>
    </ClCompile>
    <ClCompile Include="IObj.cpp">
      <Filter>05. Object</Filter>
    </ClCompile>
    <ClCompile Include="cCharacter.cpp">
      <Filter>05. Object\02. Character</Filter>
    </ClCompile>
    <ClCompile Include="cTextureFile.cpp">
      <Filter>03. Resource\02. Texture</Filter>
    </ClCompile>
    <ClCompile Include="cPlayer.cpp">
      <Filter>05. Object\02. Character\01. Player</Filter>
    </ClCompile>
    <ClCompile Include="cScene.cpp">
      <Filter>04. Scene\02. Scene</Filter>
    </ClCompile>
    <ClCompile Include="cIntroScene.cpp">
      <Filter>04. Scene\02. Scene\01. Intro</Filter>
    </ClCompile>
    <ClCompile Include="cHomeScene.cpp">
      <Filter>04. Scene\02. Scene\02. Home</Filter>
    </ClCompile>
    <ClCompile Include="cPlayScene.cpp">
      <Filter>04. Scene\02. Scene\03. Play</Filter>
    </ClCompile>
    <ClCompile Include="cBaseShader.cpp">
      <Filter>03. Resource\04. Shader</Filter>
    </ClCompile>
    <ClCompile Include="cToonShader.cpp">
      <Filter>03. Resource\04. Shader\01. Toon</Filter>
    </ClCompile>
    <ClCompile Include="cBullet.cpp">
      <Filter>05. Object\03. Bullet</Filter>
    </ClCompile>
    <ClCompile Include="cMonster.cpp">
      <Filter>05. Object\02. Character\02. Monster</Filter>
    </ClCompile>
    <ClCompile Include="cMonsterSpawn.cpp">
      <Filter>05. Object\02. Character\02. Monster\01. Spawn</Filter>
    </ClCompile>
    <ClCompile Include="cEnemyBullet.cpp">
      <Filter>05. Object\03. Bullet\01. EnemyBullet</Filter>
    </ClCompile>
    <ClCompile Include="cImageFile.cpp">
      <Filter>03. Resource\05. Image</Filter>
    </ClCompile>
    <ClCompile Include="cEffect.cpp">
      <Filter>05. Object\04. Effect</Filter>
    </ClCompile>
    <ClCompile Include="cAlphaShader.cpp">
      <Filter>03. Resource\04. Shader\02. Alpha</Filter>
    </ClCompile>
    <ClCompile Include="cTimer.cpp">
      <Filter>05. Object\05. Timer</Filter>
    </ClCompile>
    <ClCompile Include="cSmooth.cpp">
      <Filter>05. Object\06. Smooth</Filter>
    </ClCompile>
    <ClCompile Include="cBaseObject.cpp">
      <Filter>05. Object</Filter>
    </ClCompile>
    <ClCompile Include="cObjMgr.cpp">
      <Filter>05. Object\01. Mgr</Filter>
    </ClCompile>
    <ClCompile Include="cTexBuf.cpp">
      <Filter>07. PostEffect\02. Blur\01. TexBuffer</Filter>
    </ClCompile>
    <ClCompile Include="cPostMgr.cpp">
      <Filter>07. PostEffect\01. Mgr</Filter>
    </ClCompile>
    <ClCompile Include="cGround.cpp">
      <Filter>05. Object\07. Ground</Filter>
    </ClCompile>
    <ClCompile Include="cGroundSpawn.cpp">
      <Filter>05. Object\07. Ground\01. Spawn</Filter>
    </ClCompile>
    <ClCompile Include="cRedCell.cpp">
      <Filter>05. Object\02. Character\02. Monster\02. RedCell</Filter>
    </ClCompile>
    <ClCompile Include="cWhiteCell.cpp">
      <Filter>05. Object\02. Character\02. Monster\03. WhiteCell</Filter>
    </ClCompile>
    <ClCompile Include="cSubPlayer.cpp">
      <Filter>05. Object\02. Character\01. Player\01. SubPlayer</Filter>
    </ClCompile>
    <ClCompile Include="cItem.cpp">
      <Filter>05. Object\08. Item</Filter>
    </ClCompile>
    <ClCompile Include="cVirus.cpp">
      <Filter>05. Object\02. Character\02. Monster\04. Virus</Filter>
    </ClCompile>
    <ClCompile Include="cCancer.cpp">
      <Filter>05. Object\02. Character\02. Monster\05. Cancer</Filter>
    </ClCompile>
    <ClCompile Include="cBacteria.cpp">
      <Filter>05. Object\02. Character\02. Monster\06. Bacteria</Filter>
    </ClCompile>
    <ClCompile Include="cUI.cpp">
      <Filter>05. Object\09. UI</Filter>
    </ClCompile>
    <ClCompile Include="cBackUI.cpp">
      <Filter>05. Object\09. UI\01. BackUI</Filter>
    </ClCompile>
    <ClCompile Include="cGaugeUI.cpp">
      <Filter>05. Object\09. UI\02. GaugeUI</Filter>
    </ClCompile>
    <ClCompile Include="cFade.cpp">
      <Filter>05. Object\09. UI\03. Fade</Filter>
    </ClCompile>
    <ClCompile Include="cButton.cpp">
      <Filter>05. Object\09. UI\04. Button</Filter>
    </ClCompile>
  </ItemGroup>
</Project>